
Microsoft Visual Studio Solution File, Format Version 12.00
# Visual Studio Version 16
VisualStudioVersion = 16.0.31025.194
MinimumVisualStudioVersion = 10.0.40219.1
Project("{FAE04EC0-301F-11D3-BF4B-00C04F79EFBC}") = "ConwayCenturyPuzzle", "ConwayCenturyPuzzle\ConwayCenturyPuzzle.csproj", "{76173462-E7C9-4BC5-9552-58E6BEBB57C0}"
EndProject
Global
	GlobalSection(SolutionConfigurationPlatforms) = preSolution
		Debug|Any CPU = Debug|Any CPU
		Release|Any CPU = Release|Any CPU
	EndGlobalSection
	GlobalSection(ProjectConfigurationPlatforms) = postSolution
		{76173462-E7C9-4BC5-9552-58E6BEBB57C0}.Debug|Any CPU.ActiveCfg = Debug|Any CPU
		{76173462-E7C9-4BC5-9552-58E6BEBB57C0}.Debug|Any CPU.Build.0 = Debug|Any CPU
		{76173462-E7C9-4BC5-9552-58E6BEBB57C0}.Release|Any CPU.ActiveCfg = Release|Any CPU
		{76173462-E7C9-4BC5-9552-58E6BEBB57C0}.Release|Any CPU.Build.0 = Release|Any CPU
	EndGlobalSection
	GlobalSection(SolutionProperties) = preSolution
		HideSolutionNode = FALSE
	EndGlobalSection
	GlobalSection(ExtensibilityGlobals) = postSolution
		SolutionGuid = {8FB45819-93E0-4727-B2DC-4AC20D2B4385}
	EndGlobalSection
EndGlobal
